
Microsoft Visual Studio Solution File, Format Version 12.00
# Visual Studio Version 16
VisualStudioVersion = 16.0.30204.135
MinimumVisualStudioVersion = 10.0.40219.1
Project("{FAE04EC0-301F-11D3-BF4B-00C04F79EFBC}") = "Задание 6", "Задание 6\Задание 6.csproj", "{C06DDDDC-BBBB-4372-A43A-E885FC052429}"
EndProject
Global
	GlobalSection(SolutionConfigurationPlatforms) = preSolution
		Debug|Any CPU = Debug|Any CPU
		Release|Any CPU = Release|Any CPU
	EndGlobalSection
	GlobalSection(ProjectConfigurationPlatforms) = postSolution
		{C06DDDDC-BBBB-4372-A43A-E885FC052429}.Debug|Any CPU.ActiveCfg = Debug|Any CPU
		{C06DDDDC-BBBB-4372-A43A-E885FC052429}.Debug|Any CPU.Build.0 = Debug|Any CPU
		{C06DDDDC-BBBB-4372-A43A-E885FC052429}.Release|Any CPU.ActiveCfg = Release|Any CPU
		{C06DDDDC-BBBB-4372-A43A-E885FC052429}.Release|Any CPU.Build.0 = Release|Any CPU
	EndGlobalSection
	GlobalSection(SolutionProperties) = preSolution
		HideSolutionNode = FALSE
	EndGlobalSection
	GlobalSection(ExtensibilityGlobals) = postSolution
		SolutionGuid = {8B01C3E5-6FF1-46F8-8B7E-1720B4499640}
	EndGlobalSection
EndGlobal
