
Microsoft Visual Studio Solution File, Format Version 12.00
# Visual Studio Version 16
VisualStudioVersion = 16.0.30204.135
MinimumVisualStudioVersion = 10.0.40219.1
Project("{FAE04EC0-301F-11D3-BF4B-00C04F79EFBC}") = "Задание 1", "Задание 1\Задание 1.csproj", "{BF4AB196-3DF6-428E-84E8-FC4EE031059E}"
EndProject
Global
	GlobalSection(SolutionConfigurationPlatforms) = preSolution
		Debug|Any CPU = Debug|Any CPU
		Release|Any CPU = Release|Any CPU
	EndGlobalSection
	GlobalSection(ProjectConfigurationPlatforms) = postSolution
		{BF4AB196-3DF6-428E-84E8-FC4EE031059E}.Debug|Any CPU.ActiveCfg = Debug|Any CPU
		{BF4AB196-3DF6-428E-84E8-FC4EE031059E}.Debug|Any CPU.Build.0 = Debug|Any CPU
		{BF4AB196-3DF6-428E-84E8-FC4EE031059E}.Release|Any CPU.ActiveCfg = Release|Any CPU
		{BF4AB196-3DF6-428E-84E8-FC4EE031059E}.Release|Any CPU.Build.0 = Release|Any CPU
	EndGlobalSection
	GlobalSection(SolutionProperties) = preSolution
		HideSolutionNode = FALSE
	EndGlobalSection
	GlobalSection(ExtensibilityGlobals) = postSolution
		SolutionGuid = {1541E9B5-1AED-422C-BB00-43F18561C3BF}
	EndGlobalSection
EndGlobal
